
Microsoft Visual Studio Solution File, Format Version 12.00
# Visual Studio Version 17
VisualStudioVersion = 17.12.35527.113 d17.12
MinimumVisualStudioVersion = 10.0.40219.1
Project("{FAE04EC0-301F-11D3-BF4B-00C04F79EFBC}") = "AvaSend", "AvaSend\AvaSend.csproj", "{9583C4AB-8EA1-4FFE-B04C-D6356152D8C5}"
EndProject
Project("{FAE04EC0-301F-11D3-BF4B-00C04F79EFBC}") = "AvaSend.Desktop", "AvaSend.Desktop\AvaSend.Desktop.csproj", "{7A42D5B4-EBAE-44AA-8A48-B565EE27C566}"
EndProject
Global
	GlobalSection(SolutionConfigurationPlatforms) = preSolution
		Debug|Any CPU = Debug|Any CPU
		Release|Any CPU = Release|Any CPU
	EndGlobalSection
	GlobalSection(ProjectConfigurationPlatforms) = postSolution
		{9583C4AB-8EA1-4FFE-B04C-D6356152D8C5}.Debug|Any CPU.ActiveCfg = Debug|Any CPU
		{9583C4AB-8EA1-4FFE-B04C-D6356152D8C5}.Debug|Any CPU.Build.0 = Debug|Any CPU
		{9583C4AB-8EA1-4FFE-B04C-D6356152D8C5}.Release|Any CPU.ActiveCfg = Release|Any CPU
		{9583C4AB-8EA1-4FFE-B04C-D6356152D8C5}.Release|Any CPU.Build.0 = Release|Any CPU
		{7A42D5B4-EBAE-44AA-8A48-B565EE27C566}.Debug|Any CPU.ActiveCfg = Debug|Any CPU
		{7A42D5B4-EBAE-44AA-8A48-B565EE27C566}.Debug|Any CPU.Build.0 = Debug|Any CPU
		{7A42D5B4-EBAE-44AA-8A48-B565EE27C566}.Release|Any CPU.ActiveCfg = Release|Any CPU
		{7A42D5B4-EBAE-44AA-8A48-B565EE27C566}.Release|Any CPU.Build.0 = Release|Any CPU
	EndGlobalSection
	GlobalSection(SolutionProperties) = preSolution
		HideSolutionNode = FALSE
	EndGlobalSection
EndGlobal
